
Microsoft Visual Studio Solution File, Format Version 12.00
# Visual Studio 14
VisualStudioVersion = 14.0.25123.0
MinimumVisualStudioVersion = 10.0.40219.1
Project("{2150E333-8FDC-42A3-9474-1A3956D46DE8}") = "src", "src", "{10D8E54E-1058-4834-A19E-64515D0E9F6D}"
EndProject
Project("{2150E333-8FDC-42A3-9474-1A3956D46DE8}") = "Solution Items", "Solution Items", "{36299440-5126-4027-8EDE-737227A0F6EE}"
	ProjectSection(SolutionItems) = preProject
		global.json = global.json
	EndProjectSection
EndProject
Project("{2150E333-8FDC-42A3-9474-1A3956D46DE8}") = "Hosting", "Hosting", "{C0096AF7-92B2-4ADD-80E1-E4D896C80407}"
EndProject
Project("{8BB2217D-0F2D-49D1-97BC-3654ED321F3B}") = "Modular.WebHost", "src\Modular.WebHost\Modular.WebHost.xproj", "{B13EC77A-FD31-4DBC-A417-F35280D86280}"
EndProject
Project("{2150E333-8FDC-42A3-9474-1A3956D46DE8}") = "Core", "Core", "{ACCAF020-C4EB-4412-8CA3-41EB27FBDAFB}"
EndProject
Project("{2150E333-8FDC-42A3-9474-1A3956D46DE8}") = "Modules", "Modules", "{10BAC5B3-1A22-401D-90B4-146E07F71CE6}"
EndProject
Project("{8BB2217D-0F2D-49D1-97BC-3654ED321F3B}") = "Modular.Core", "src\Core\Modular.Core\Modular.Core.xproj", "{DC18B7FB-EFB4-4340-B8F6-48A52FB273BE}"
EndProject
Project("{8BB2217D-0F2D-49D1-97BC-3654ED321F3B}") = "Modular.Modules.ModuleA", "src\Modular.WebHost\Modules\Modular.Modules.ModuleA\Modular.Modules.ModuleA.xproj", "{FC71B7C8-C4D2-4CC3-B3E7-B630CD552C35}"
EndProject
Project("{8BB2217D-0F2D-49D1-97BC-3654ED321F3B}") = "Modular.Modules.ModuleB", "src\Modular.WebHost\Modules\Modular.Modules.ModuleB\Modular.Modules.ModuleB.xproj", "{CE294E9D-9F20-400F-8051-E6A98AB76C71}"
EndProject
Project("{2150E333-8FDC-42A3-9474-1A3956D46DE8}") = "ExtraTest", "ExtraTest", "{A969EA5A-E0AE-47E0-ADEF-53C37131F485}"
EndProject
Project("{8BB2217D-0F2D-49D1-97BC-3654ED321F3B}") = "ExtraDepenencyTest", "src\ExtraTest\ExtraDepenencyTest\ExtraDepenencyTest.xproj", "{F2941F46-F442-43D5-8D60-D53E110C9FB2}"
EndProject
Project("{8BB2217D-0F2D-49D1-97BC-3654ED321F3B}") = "Modular.Modules.Core", "src\Modular.WebHost\Modules\Modular.Modules.Core\Modular.Modules.Core.xproj", "{13FC1529-FA8B-47B2-B633-3AACC3FE7C20}"
EndProject
Global
	GlobalSection(SolutionConfigurationPlatforms) = preSolution
		Debug|Any CPU = Debug|Any CPU
		Release|Any CPU = Release|Any CPU
	EndGlobalSection
	GlobalSection(ProjectConfigurationPlatforms) = postSolution
		{B13EC77A-FD31-4DBC-A417-F35280D86280}.Debug|Any CPU.ActiveCfg = Debug|Any CPU
		{B13EC77A-FD31-4DBC-A417-F35280D86280}.Debug|Any CPU.Build.0 = Debug|Any CPU
		{B13EC77A-FD31-4DBC-A417-F35280D86280}.Release|Any CPU.ActiveCfg = Release|Any CPU
		{B13EC77A-FD31-4DBC-A417-F35280D86280}.Release|Any CPU.Build.0 = Release|Any CPU
		{DC18B7FB-EFB4-4340-B8F6-48A52FB273BE}.Debug|Any CPU.ActiveCfg = Debug|Any CPU
		{DC18B7FB-EFB4-4340-B8F6-48A52FB273BE}.Debug|Any CPU.Build.0 = Debug|Any CPU
		{DC18B7FB-EFB4-4340-B8F6-48A52FB273BE}.Release|Any CPU.ActiveCfg = Release|Any CPU
		{DC18B7FB-EFB4-4340-B8F6-48A52FB273BE}.Release|Any CPU.Build.0 = Release|Any CPU
		{FC71B7C8-C4D2-4CC3-B3E7-B630CD552C35}.Debug|Any CPU.ActiveCfg = Debug|Any CPU
		{FC71B7C8-C4D2-4CC3-B3E7-B630CD552C35}.Debug|Any CPU.Build.0 = Debug|Any CPU
		{FC71B7C8-C4D2-4CC3-B3E7-B630CD552C35}.Release|Any CPU.ActiveCfg = Release|Any CPU
		{FC71B7C8-C4D2-4CC3-B3E7-B630CD552C35}.Release|Any CPU.Build.0 = Release|Any CPU
		{CE294E9D-9F20-400F-8051-E6A98AB76C71}.Debug|Any CPU.ActiveCfg = Debug|Any CPU
		{CE294E9D-9F20-400F-8051-E6A98AB76C71}.Debug|Any CPU.Build.0 = Debug|Any CPU
		{CE294E9D-9F20-400F-8051-E6A98AB76C71}.Release|Any CPU.ActiveCfg = Release|Any CPU
		{CE294E9D-9F20-400F-8051-E6A98AB76C71}.Release|Any CPU.Build.0 = Release|Any CPU
		{F2941F46-F442-43D5-8D60-D53E110C9FB2}.Debug|Any CPU.ActiveCfg = Debug|Any CPU
		{F2941F46-F442-43D5-8D60-D53E110C9FB2}.Debug|Any CPU.Build.0 = Debug|Any CPU
		{F2941F46-F442-43D5-8D60-D53E110C9FB2}.Release|Any CPU.ActiveCfg = Release|Any CPU
		{F2941F46-F442-43D5-8D60-D53E110C9FB2}.Release|Any CPU.Build.0 = Release|Any CPU
		{13FC1529-FA8B-47B2-B633-3AACC3FE7C20}.Debug|Any CPU.ActiveCfg = Debug|Any CPU
		{13FC1529-FA8B-47B2-B633-3AACC3FE7C20}.Debug|Any CPU.Build.0 = Debug|Any CPU
		{13FC1529-FA8B-47B2-B633-3AACC3FE7C20}.Release|Any CPU.ActiveCfg = Release|Any CPU
		{13FC1529-FA8B-47B2-B633-3AACC3FE7C20}.Release|Any CPU.Build.0 = Release|Any CPU
	EndGlobalSection
	GlobalSection(SolutionProperties) = preSolution
		HideSolutionNode = FALSE
	EndGlobalSection
	GlobalSection(NestedProjects) = preSolution
		{C0096AF7-92B2-4ADD-80E1-E4D896C80407} = {10D8E54E-1058-4834-A19E-64515D0E9F6D}
		{B13EC77A-FD31-4DBC-A417-F35280D86280} = {C0096AF7-92B2-4ADD-80E1-E4D896C80407}
		{ACCAF020-C4EB-4412-8CA3-41EB27FBDAFB} = {10D8E54E-1058-4834-A19E-64515D0E9F6D}
		{10BAC5B3-1A22-401D-90B4-146E07F71CE6} = {10D8E54E-1058-4834-A19E-64515D0E9F6D}
		{DC18B7FB-EFB4-4340-B8F6-48A52FB273BE} = {ACCAF020-C4EB-4412-8CA3-41EB27FBDAFB}
		{FC71B7C8-C4D2-4CC3-B3E7-B630CD552C35} = {10BAC5B3-1A22-401D-90B4-146E07F71CE6}
		{CE294E9D-9F20-400F-8051-E6A98AB76C71} = {10BAC5B3-1A22-401D-90B4-146E07F71CE6}
		{A969EA5A-E0AE-47E0-ADEF-53C37131F485} = {10D8E54E-1058-4834-A19E-64515D0E9F6D}
		{F2941F46-F442-43D5-8D60-D53E110C9FB2} = {A969EA5A-E0AE-47E0-ADEF-53C37131F485}
		{13FC1529-FA8B-47B2-B633-3AACC3FE7C20} = {10BAC5B3-1A22-401D-90B4-146E07F71CE6}
	EndGlobalSection
EndGlobal
